
Microsoft Visual Studio Solution File, Format Version 12.00
# Visual Studio Version 16
VisualStudioVersion = 16.0.29411.108
MinimumVisualStudioVersion = 10.0.40219.1
Project("{9A19103F-16F7-4668-BE54-9A1E7A4F7556}") = "Fornecedores.UI", "src\Fornecedores.UI\Fornecedores.UI.csproj", "{4EC7C914-0C8A-4BE1-869B-2CE04A62CDF6}"
EndProject
Project("{FAE04EC0-301F-11D3-BF4B-00C04F79EFBC}") = "Fornecedores.Bussines", "src\Fornecedores.Bussines\Fornecedores.Bussines.csproj", "{759BC553-285D-4068-A4F1-09E25FC785EC}"
EndProject
Project("{FAE04EC0-301F-11D3-BF4B-00C04F79EFBC}") = "Fornecedores.Data", "src\Fornecedores.Data\Fornecedores.Data.csproj", "{C6D6EB2B-6722-4AFF-BD30-4222BA23D6A9}"
EndProject
Global
	GlobalSection(SolutionConfigurationPlatforms) = preSolution
		Debug|Any CPU = Debug|Any CPU
		Release|Any CPU = Release|Any CPU
	EndGlobalSection
	GlobalSection(ProjectConfigurationPlatforms) = postSolution
		{4EC7C914-0C8A-4BE1-869B-2CE04A62CDF6}.Debug|Any CPU.ActiveCfg = Debug|Any CPU
		{4EC7C914-0C8A-4BE1-869B-2CE04A62CDF6}.Debug|Any CPU.Build.0 = Debug|Any CPU
		{4EC7C914-0C8A-4BE1-869B-2CE04A62CDF6}.Release|Any CPU.ActiveCfg = Release|Any CPU
		{4EC7C914-0C8A-4BE1-869B-2CE04A62CDF6}.Release|Any CPU.Build.0 = Release|Any CPU
		{759BC553-285D-4068-A4F1-09E25FC785EC}.Debug|Any CPU.ActiveCfg = Debug|Any CPU
		{759BC553-285D-4068-A4F1-09E25FC785EC}.Debug|Any CPU.Build.0 = Debug|Any CPU
		{759BC553-285D-4068-A4F1-09E25FC785EC}.Release|Any CPU.ActiveCfg = Release|Any CPU
		{759BC553-285D-4068-A4F1-09E25FC785EC}.Release|Any CPU.Build.0 = Release|Any CPU
		{C6D6EB2B-6722-4AFF-BD30-4222BA23D6A9}.Debug|Any CPU.ActiveCfg = Debug|Any CPU
		{C6D6EB2B-6722-4AFF-BD30-4222BA23D6A9}.Debug|Any CPU.Build.0 = Debug|Any CPU
		{C6D6EB2B-6722-4AFF-BD30-4222BA23D6A9}.Release|Any CPU.ActiveCfg = Release|Any CPU
		{C6D6EB2B-6722-4AFF-BD30-4222BA23D6A9}.Release|Any CPU.Build.0 = Release|Any CPU
	EndGlobalSection
	GlobalSection(SolutionProperties) = preSolution
		HideSolutionNode = FALSE
	EndGlobalSection
	GlobalSection(ExtensibilityGlobals) = postSolution
		SolutionGuid = {2D44A058-C49E-4860-80E7-8CCEBDAC213C}
	EndGlobalSection
EndGlobal
